
Microsoft Visual Studio Solution File, Format Version 12.00
# Visual Studio 15
VisualStudioVersion = 15.0.27004.2006
MinimumVisualStudioVersion = 10.0.40219.1
Project("{FAE04EC0-301F-11D3-BF4B-00C04F79EFBC}") = "simpletest", "simpletest\simpletest.csproj", "{FBC33621-C0E5-447C-8C22-CEF3E2FBF47F}"
EndProject
Global
	GlobalSection(SolutionConfigurationPlatforms) = preSolution
		Debug|Any CPU = Debug|Any CPU
		Release|Any CPU = Release|Any CPU
	EndGlobalSection
	GlobalSection(ProjectConfigurationPlatforms) = postSolution
		{FBC33621-C0E5-447C-8C22-CEF3E2FBF47F}.Debug|Any CPU.ActiveCfg = Debug|Any CPU
		{FBC33621-C0E5-447C-8C22-CEF3E2FBF47F}.Debug|Any CPU.Build.0 = Debug|Any CPU
		{FBC33621-C0E5-447C-8C22-CEF3E2FBF47F}.Release|Any CPU.ActiveCfg = Release|Any CPU
		{FBC33621-C0E5-447C-8C22-CEF3E2FBF47F}.Release|Any CPU.Build.0 = Release|Any CPU
	EndGlobalSection
	GlobalSection(SolutionProperties) = preSolution
		HideSolutionNode = FALSE
	EndGlobalSection
	GlobalSection(ExtensibilityGlobals) = postSolution
		SolutionGuid = {6360900B-7BAE-4291-9D35-4B4299ED4222}
	EndGlobalSection
EndGlobal
