
Microsoft Visual Studio Solution File, Format Version 12.00
# Visual Studio 15
VisualStudioVersion = 15.0.27004.2006
MinimumVisualStudioVersion = 10.0.40219.1
Project("{FAE04EC0-301F-11D3-BF4B-00C04F79EFBC}") = "more threads", "more threads\more threads.csproj", "{D56B24DB-BD87-47E1-912C-4464C7B90EE2}"
EndProject
Global
	GlobalSection(SolutionConfigurationPlatforms) = preSolution
		Debug|Any CPU = Debug|Any CPU
		Release|Any CPU = Release|Any CPU
	EndGlobalSection
	GlobalSection(ProjectConfigurationPlatforms) = postSolution
		{D56B24DB-BD87-47E1-912C-4464C7B90EE2}.Debug|Any CPU.ActiveCfg = Debug|Any CPU
		{D56B24DB-BD87-47E1-912C-4464C7B90EE2}.Debug|Any CPU.Build.0 = Debug|Any CPU
		{D56B24DB-BD87-47E1-912C-4464C7B90EE2}.Release|Any CPU.ActiveCfg = Release|Any CPU
		{D56B24DB-BD87-47E1-912C-4464C7B90EE2}.Release|Any CPU.Build.0 = Release|Any CPU
	EndGlobalSection
	GlobalSection(SolutionProperties) = preSolution
		HideSolutionNode = FALSE
	EndGlobalSection
	GlobalSection(ExtensibilityGlobals) = postSolution
		SolutionGuid = {4F1C424B-170A-44DC-B031-9AFEC9A6F241}
	EndGlobalSection
EndGlobal
