
Microsoft Visual Studio Solution File, Format Version 12.00
# Visual Studio 15
VisualStudioVersion = 15.0.28307.645
MinimumVisualStudioVersion = 10.0.40219.1
Project("{FAE04EC0-301F-11D3-BF4B-00C04F79EFBC}") = "studentlist", "studentlist\studentlist.csproj", "{1F0504D3-68B7-4446-9BDF-47D77D2DCA4B}"
EndProject
Global
	GlobalSection(SolutionConfigurationPlatforms) = preSolution
		Debug|Any CPU = Debug|Any CPU
		Release|Any CPU = Release|Any CPU
	EndGlobalSection
	GlobalSection(ProjectConfigurationPlatforms) = postSolution
		{1F0504D3-68B7-4446-9BDF-47D77D2DCA4B}.Debug|Any CPU.ActiveCfg = Debug|Any CPU
		{1F0504D3-68B7-4446-9BDF-47D77D2DCA4B}.Debug|Any CPU.Build.0 = Debug|Any CPU
		{1F0504D3-68B7-4446-9BDF-47D77D2DCA4B}.Release|Any CPU.ActiveCfg = Release|Any CPU
		{1F0504D3-68B7-4446-9BDF-47D77D2DCA4B}.Release|Any CPU.Build.0 = Release|Any CPU
	EndGlobalSection
	GlobalSection(SolutionProperties) = preSolution
		HideSolutionNode = FALSE
	EndGlobalSection
	GlobalSection(ExtensibilityGlobals) = postSolution
		SolutionGuid = {BF8A6F11-6911-4D79-9F76-D7E0C0B9576F}
	EndGlobalSection
EndGlobal
