
Microsoft Visual Studio Solution File, Format Version 12.00
# Visual Studio 15
VisualStudioVersion = 15.0.28307.645
MinimumVisualStudioVersion = 10.0.40219.1
Project("{FAE04EC0-301F-11D3-BF4B-00C04F79EFBC}") = "style", "style\style.csproj", "{BCF39E34-4350-4131-ACD7-2403F6753539}"
EndProject
Global
	GlobalSection(SolutionConfigurationPlatforms) = preSolution
		Debug|Any CPU = Debug|Any CPU
		Release|Any CPU = Release|Any CPU
	EndGlobalSection
	GlobalSection(ProjectConfigurationPlatforms) = postSolution
		{BCF39E34-4350-4131-ACD7-2403F6753539}.Debug|Any CPU.ActiveCfg = Debug|Any CPU
		{BCF39E34-4350-4131-ACD7-2403F6753539}.Debug|Any CPU.Build.0 = Debug|Any CPU
		{BCF39E34-4350-4131-ACD7-2403F6753539}.Release|Any CPU.ActiveCfg = Release|Any CPU
		{BCF39E34-4350-4131-ACD7-2403F6753539}.Release|Any CPU.Build.0 = Release|Any CPU
	EndGlobalSection
	GlobalSection(SolutionProperties) = preSolution
		HideSolutionNode = FALSE
	EndGlobalSection
	GlobalSection(ExtensibilityGlobals) = postSolution
		SolutionGuid = {0A878BA7-E04E-447C-81F1-07811D08F28C}
	EndGlobalSection
EndGlobal
