
Microsoft Visual Studio Solution File, Format Version 12.00
# Visual Studio 15
VisualStudioVersion = 15.0.28307.136
MinimumVisualStudioVersion = 10.0.40219.1
Project("{FAE04EC0-301F-11D3-BF4B-00C04F79EFBC}") = "WpfApp1", "WpfApp1\WpfApp1.csproj", "{530C501B-9C99-4922-AD26-0B93FC3C2589}"
EndProject
Global
	GlobalSection(SolutionConfigurationPlatforms) = preSolution
		Debug|Any CPU = Debug|Any CPU
		Release|Any CPU = Release|Any CPU
	EndGlobalSection
	GlobalSection(ProjectConfigurationPlatforms) = postSolution
		{530C501B-9C99-4922-AD26-0B93FC3C2589}.Debug|Any CPU.ActiveCfg = Debug|Any CPU
		{530C501B-9C99-4922-AD26-0B93FC3C2589}.Debug|Any CPU.Build.0 = Debug|Any CPU
		{530C501B-9C99-4922-AD26-0B93FC3C2589}.Release|Any CPU.ActiveCfg = Release|Any CPU
		{530C501B-9C99-4922-AD26-0B93FC3C2589}.Release|Any CPU.Build.0 = Release|Any CPU
	EndGlobalSection
	GlobalSection(SolutionProperties) = preSolution
		HideSolutionNode = FALSE
	EndGlobalSection
	GlobalSection(ExtensibilityGlobals) = postSolution
		SolutionGuid = {9EC5C68C-F92B-4596-8EDA-B589DB9CA5D5}
	EndGlobalSection
EndGlobal
