
Microsoft Visual Studio Solution File, Format Version 12.00
# Visual Studio Version 16
VisualStudioVersion = 16.0.29102.190
MinimumVisualStudioVersion = 10.0.40219.1
Project("{FAE04EC0-301F-11D3-BF4B-00C04F79EFBC}") = "ConsoleApp28", "ConsoleApp28\ConsoleApp28.csproj", "{5E18636C-E078-47D4-BF76-1491BC0A1309}"
EndProject
Global
	GlobalSection(SolutionConfigurationPlatforms) = preSolution
		Debug|Any CPU = Debug|Any CPU
		Release|Any CPU = Release|Any CPU
	EndGlobalSection
	GlobalSection(ProjectConfigurationPlatforms) = postSolution
		{5E18636C-E078-47D4-BF76-1491BC0A1309}.Debug|Any CPU.ActiveCfg = Debug|Any CPU
		{5E18636C-E078-47D4-BF76-1491BC0A1309}.Debug|Any CPU.Build.0 = Debug|Any CPU
		{5E18636C-E078-47D4-BF76-1491BC0A1309}.Release|Any CPU.ActiveCfg = Release|Any CPU
		{5E18636C-E078-47D4-BF76-1491BC0A1309}.Release|Any CPU.Build.0 = Release|Any CPU
	EndGlobalSection
	GlobalSection(SolutionProperties) = preSolution
		HideSolutionNode = FALSE
	EndGlobalSection
	GlobalSection(ExtensibilityGlobals) = postSolution
		SolutionGuid = {5CE60B43-AD4E-4DAE-9DA3-D01B960C8844}
	EndGlobalSection
EndGlobal
