
Microsoft Visual Studio Solution File, Format Version 12.00
# Visual Studio 15
VisualStudioVersion = 15.0.27004.2006
MinimumVisualStudioVersion = 10.0.40219.1
Project("{FAE04EC0-301F-11D3-BF4B-00C04F79EFBC}") = "oop 1 16.8.18 static non-static", "oop 1 16.8.18 static non-static\oop 1 16.8.18 static non-static.csproj", "{783976DC-4C2C-4AFB-B932-ED1EE8CD4ED1}"
EndProject
Global
	GlobalSection(SolutionConfigurationPlatforms) = preSolution
		Debug|Any CPU = Debug|Any CPU
		Release|Any CPU = Release|Any CPU
	EndGlobalSection
	GlobalSection(ProjectConfigurationPlatforms) = postSolution
		{783976DC-4C2C-4AFB-B932-ED1EE8CD4ED1}.Debug|Any CPU.ActiveCfg = Debug|Any CPU
		{783976DC-4C2C-4AFB-B932-ED1EE8CD4ED1}.Debug|Any CPU.Build.0 = Debug|Any CPU
		{783976DC-4C2C-4AFB-B932-ED1EE8CD4ED1}.Release|Any CPU.ActiveCfg = Release|Any CPU
		{783976DC-4C2C-4AFB-B932-ED1EE8CD4ED1}.Release|Any CPU.Build.0 = Release|Any CPU
	EndGlobalSection
	GlobalSection(SolutionProperties) = preSolution
		HideSolutionNode = FALSE
	EndGlobalSection
	GlobalSection(ExtensibilityGlobals) = postSolution
		SolutionGuid = {AC75D515-CB88-4213-9E62-1EF5D2640B3D}
	EndGlobalSection
EndGlobal
