
Microsoft Visual Studio Solution File, Format Version 12.00
# Visual Studio 15
VisualStudioVersion = 15.0.27703.2042
MinimumVisualStudioVersion = 10.0.40219.1
Project("{FAE04EC0-301F-11D3-BF4B-00C04F79EFBC}") = "singelton_deck", "singelton_deck\singelton_deck.csproj", "{03000527-3B2C-495F-A767-C135D65F47A0}"
EndProject
Global
	GlobalSection(SolutionConfigurationPlatforms) = preSolution
		Debug|Any CPU = Debug|Any CPU
		Release|Any CPU = Release|Any CPU
	EndGlobalSection
	GlobalSection(ProjectConfigurationPlatforms) = postSolution
		{03000527-3B2C-495F-A767-C135D65F47A0}.Debug|Any CPU.ActiveCfg = Debug|Any CPU
		{03000527-3B2C-495F-A767-C135D65F47A0}.Debug|Any CPU.Build.0 = Debug|Any CPU
		{03000527-3B2C-495F-A767-C135D65F47A0}.Release|Any CPU.ActiveCfg = Release|Any CPU
		{03000527-3B2C-495F-A767-C135D65F47A0}.Release|Any CPU.Build.0 = Release|Any CPU
	EndGlobalSection
	GlobalSection(SolutionProperties) = preSolution
		HideSolutionNode = FALSE
	EndGlobalSection
	GlobalSection(ExtensibilityGlobals) = postSolution
		SolutionGuid = {9EEB5D3E-0715-44C1-92F0-93465BC8BB67}
	EndGlobalSection
EndGlobal
