
Microsoft Visual Studio Solution File, Format Version 12.00
# Visual Studio 15
VisualStudioVersion = 15.0.27703.2018
MinimumVisualStudioVersion = 10.0.40219.1
Project("{FAE04EC0-301F-11D3-BF4B-00C04F79EFBC}") = "lots of stars", "lots of stars\lots of stars.csproj", "{D9C1073B-A405-4DCA-8AEC-EA35C26C1498}"
EndProject
Global
	GlobalSection(SolutionConfigurationPlatforms) = preSolution
		Debug|Any CPU = Debug|Any CPU
		Release|Any CPU = Release|Any CPU
	EndGlobalSection
	GlobalSection(ProjectConfigurationPlatforms) = postSolution
		{D9C1073B-A405-4DCA-8AEC-EA35C26C1498}.Debug|Any CPU.ActiveCfg = Debug|Any CPU
		{D9C1073B-A405-4DCA-8AEC-EA35C26C1498}.Debug|Any CPU.Build.0 = Debug|Any CPU
		{D9C1073B-A405-4DCA-8AEC-EA35C26C1498}.Release|Any CPU.ActiveCfg = Release|Any CPU
		{D9C1073B-A405-4DCA-8AEC-EA35C26C1498}.Release|Any CPU.Build.0 = Release|Any CPU
	EndGlobalSection
	GlobalSection(SolutionProperties) = preSolution
		HideSolutionNode = FALSE
	EndGlobalSection
	GlobalSection(ExtensibilityGlobals) = postSolution
		SolutionGuid = {50BFF31C-4232-4581-81CF-1A2EC8F52BCB}
	EndGlobalSection
EndGlobal
