
Microsoft Visual Studio Solution File, Format Version 12.00
# Visual Studio 15
VisualStudioVersion = 15.0.28307.645
MinimumVisualStudioVersion = 10.0.40219.1
Project("{FAE04EC0-301F-11D3-BF4B-00C04F79EFBC}") = "ex2", "ex2\ex2.csproj", "{6BFFED9B-2B14-4E37-BE3D-6E1F5CDD122F}"
EndProject
Global
	GlobalSection(SolutionConfigurationPlatforms) = preSolution
		Debug|Any CPU = Debug|Any CPU
		Release|Any CPU = Release|Any CPU
	EndGlobalSection
	GlobalSection(ProjectConfigurationPlatforms) = postSolution
		{6BFFED9B-2B14-4E37-BE3D-6E1F5CDD122F}.Debug|Any CPU.ActiveCfg = Debug|Any CPU
		{6BFFED9B-2B14-4E37-BE3D-6E1F5CDD122F}.Debug|Any CPU.Build.0 = Debug|Any CPU
		{6BFFED9B-2B14-4E37-BE3D-6E1F5CDD122F}.Release|Any CPU.ActiveCfg = Release|Any CPU
		{6BFFED9B-2B14-4E37-BE3D-6E1F5CDD122F}.Release|Any CPU.Build.0 = Release|Any CPU
	EndGlobalSection
	GlobalSection(SolutionProperties) = preSolution
		HideSolutionNode = FALSE
	EndGlobalSection
	GlobalSection(ExtensibilityGlobals) = postSolution
		SolutionGuid = {A7DF2155-0EBF-4185-B764-3573D8847134}
	EndGlobalSection
EndGlobal
