
Microsoft Visual Studio Solution File, Format Version 12.00
# Visual Studio 15
VisualStudioVersion = 15.0.27004.2006
MinimumVisualStudioVersion = 10.0.40219.1
Project("{FAE04EC0-301F-11D3-BF4B-00C04F79EFBC}") = "oop 2 16.8.18", "oop 2 16.8.18\oop 2 16.8.18.csproj", "{9706D581-75CE-419C-A482-6F540C90744D}"
EndProject
Global
	GlobalSection(SolutionConfigurationPlatforms) = preSolution
		Debug|Any CPU = Debug|Any CPU
		Release|Any CPU = Release|Any CPU
	EndGlobalSection
	GlobalSection(ProjectConfigurationPlatforms) = postSolution
		{9706D581-75CE-419C-A482-6F540C90744D}.Debug|Any CPU.ActiveCfg = Debug|Any CPU
		{9706D581-75CE-419C-A482-6F540C90744D}.Debug|Any CPU.Build.0 = Debug|Any CPU
		{9706D581-75CE-419C-A482-6F540C90744D}.Release|Any CPU.ActiveCfg = Release|Any CPU
		{9706D581-75CE-419C-A482-6F540C90744D}.Release|Any CPU.Build.0 = Release|Any CPU
	EndGlobalSection
	GlobalSection(SolutionProperties) = preSolution
		HideSolutionNode = FALSE
	EndGlobalSection
	GlobalSection(ExtensibilityGlobals) = postSolution
		SolutionGuid = {078363E3-6702-4875-8FC7-B8338278928B}
	EndGlobalSection
EndGlobal
