
Microsoft Visual Studio Solution File, Format Version 12.00
# Visual Studio 15
VisualStudioVersion = 15.0.27004.2006
MinimumVisualStudioVersion = 10.0.40219.1
Project("{FAE04EC0-301F-11D3-BF4B-00C04F79EFBC}") = "15.11.18", "15.11.18\15.11.18.csproj", "{077D21AF-F4F7-4052-8241-A311677D6337}"
EndProject
Global
	GlobalSection(SolutionConfigurationPlatforms) = preSolution
		Debug|Any CPU = Debug|Any CPU
		Release|Any CPU = Release|Any CPU
	EndGlobalSection
	GlobalSection(ProjectConfigurationPlatforms) = postSolution
		{077D21AF-F4F7-4052-8241-A311677D6337}.Debug|Any CPU.ActiveCfg = Debug|Any CPU
		{077D21AF-F4F7-4052-8241-A311677D6337}.Debug|Any CPU.Build.0 = Debug|Any CPU
		{077D21AF-F4F7-4052-8241-A311677D6337}.Release|Any CPU.ActiveCfg = Release|Any CPU
		{077D21AF-F4F7-4052-8241-A311677D6337}.Release|Any CPU.Build.0 = Release|Any CPU
	EndGlobalSection
	GlobalSection(SolutionProperties) = preSolution
		HideSolutionNode = FALSE
	EndGlobalSection
	GlobalSection(ExtensibilityGlobals) = postSolution
		SolutionGuid = {D725DE3F-97B5-4900-BA9F-32F25435F454}
	EndGlobalSection
EndGlobal
