
Microsoft Visual Studio Solution File, Format Version 12.00
# Visual Studio 15
VisualStudioVersion = 15.0.28307.645
MinimumVisualStudioVersion = 10.0.40219.1
Project("{FAE04EC0-301F-11D3-BF4B-00C04F79EFBC}") = "data", "data\data.csproj", "{484C8FF5-0385-40B1-98CD-84A6EFA482BA}"
EndProject
Global
	GlobalSection(SolutionConfigurationPlatforms) = preSolution
		Debug|Any CPU = Debug|Any CPU
		Release|Any CPU = Release|Any CPU
	EndGlobalSection
	GlobalSection(ProjectConfigurationPlatforms) = postSolution
		{484C8FF5-0385-40B1-98CD-84A6EFA482BA}.Debug|Any CPU.ActiveCfg = Debug|Any CPU
		{484C8FF5-0385-40B1-98CD-84A6EFA482BA}.Debug|Any CPU.Build.0 = Debug|Any CPU
		{484C8FF5-0385-40B1-98CD-84A6EFA482BA}.Release|Any CPU.ActiveCfg = Release|Any CPU
		{484C8FF5-0385-40B1-98CD-84A6EFA482BA}.Release|Any CPU.Build.0 = Release|Any CPU
	EndGlobalSection
	GlobalSection(SolutionProperties) = preSolution
		HideSolutionNode = FALSE
	EndGlobalSection
	GlobalSection(ExtensibilityGlobals) = postSolution
		SolutionGuid = {07B2A958-E817-42DE-A5B3-74A89C04D474}
	EndGlobalSection
EndGlobal
