
Microsoft Visual Studio Solution File, Format Version 12.00
# Visual Studio 15
VisualStudioVersion = 15.0.27004.2006
MinimumVisualStudioVersion = 10.0.40219.1
Project("{FAE04EC0-301F-11D3-BF4B-00C04F79EFBC}") = "array-random and missing", "array-random and missing\array-random and missing.csproj", "{26935E78-824B-43B0-AD4D-06DDEC462523}"
EndProject
Global
	GlobalSection(SolutionConfigurationPlatforms) = preSolution
		Debug|Any CPU = Debug|Any CPU
		Release|Any CPU = Release|Any CPU
	EndGlobalSection
	GlobalSection(ProjectConfigurationPlatforms) = postSolution
		{26935E78-824B-43B0-AD4D-06DDEC462523}.Debug|Any CPU.ActiveCfg = Debug|Any CPU
		{26935E78-824B-43B0-AD4D-06DDEC462523}.Debug|Any CPU.Build.0 = Debug|Any CPU
		{26935E78-824B-43B0-AD4D-06DDEC462523}.Release|Any CPU.ActiveCfg = Release|Any CPU
		{26935E78-824B-43B0-AD4D-06DDEC462523}.Release|Any CPU.Build.0 = Release|Any CPU
	EndGlobalSection
	GlobalSection(SolutionProperties) = preSolution
		HideSolutionNode = FALSE
	EndGlobalSection
	GlobalSection(ExtensibilityGlobals) = postSolution
		SolutionGuid = {E5AAA6B8-3912-46A0-9A4F-EB630A21B6D6}
	EndGlobalSection
EndGlobal
